private void Backup()
        {
            try
            {
                string sourceDirectory = Path.Combine(AppDomain.CurrentDomain.BaseDirectory, "Data", "Patient Details");
                string destinationDirectory = Path.Combine(AppDomain.CurrentDomain.BaseDirectory, "Data", "History");

                if (!Directory.Exists(sourceDirectory))
                {
                    MessageBox.Show("No patient details to backup.", "Information", MessageBoxButton.OK, MessageBoxImage.Information);
                    return;
                }

                Directory.CreateDirectory(destinationDirectory); // Ensure the backup directory exists

                foreach (var filePath in Directory.GetFiles(sourceDirectory))
                {
                    string fileName = Path.GetFileName(filePath);
                    string destinationFilePath = Path.Combine(destinationDirectory, fileName);
                    File.Move(filePath, destinationFilePath);
                }

                MessageBox.Show("Backup completed successfully!", "Success", MessageBoxButton.OK, MessageBoxImage.Information);
            }
            catch (Exception ex)
            {
                MessageBox.Show(ex.Message, "Error", MessageBoxButton.OK, MessageBoxImage.Error);
            }
        }